
Microsoft Visual Studio Solution File, Format Version 12.00
# Visual Studio Version 17
VisualStudioVersion = 17.9.34714.143
MinimumVisualStudioVersion = 10.0.40219.1
Project("{FAE04EC0-301F-11D3-BF4B-00C04F79EFBC}") = "lab_2_11", "lab_2_11\lab_2_11.csproj", "{86DB73E1-3E8A-46B3-8B1E-DA12758AA3AF}"
EndProject
Global
	GlobalSection(SolutionConfigurationPlatforms) = preSolution
		Debug|Any CPU = Debug|Any CPU
		Release|Any CPU = Release|Any CPU
	EndGlobalSection
	GlobalSection(ProjectConfigurationPlatforms) = postSolution
		{86DB73E1-3E8A-46B3-8B1E-DA12758AA3AF}.Debug|Any CPU.ActiveCfg = Debug|Any CPU
		{86DB73E1-3E8A-46B3-8B1E-DA12758AA3AF}.Debug|Any CPU.Build.0 = Debug|Any CPU
		{86DB73E1-3E8A-46B3-8B1E-DA12758AA3AF}.Release|Any CPU.ActiveCfg = Release|Any CPU
		{86DB73E1-3E8A-46B3-8B1E-DA12758AA3AF}.Release|Any CPU.Build.0 = Release|Any CPU
	EndGlobalSection
	GlobalSection(SolutionProperties) = preSolution
		HideSolutionNode = FALSE
	EndGlobalSection
	GlobalSection(ExtensibilityGlobals) = postSolution
		SolutionGuid = {68A7389A-8057-4D19-AD16-28E0FD2E6D01}
	EndGlobalSection
EndGlobal
